
Microsoft Visual Studio Solution File, Format Version 12.00
# Visual Studio Version 16
VisualStudioVersion = 16.0.31410.357
MinimumVisualStudioVersion = 10.0.40219.1
Project("{FAE04EC0-301F-11D3-BF4B-00C04F79EFBC}") = "WinFormsApp3", "WinFormsApp3\WinFormsApp3.csproj", "{EF961BCF-883F-4545-AD4B-70AFCD65D59D}"
EndProject
Global
	GlobalSection(SolutionConfigurationPlatforms) = preSolution
		Debug|Any CPU = Debug|Any CPU
		Release|Any CPU = Release|Any CPU
	EndGlobalSection
	GlobalSection(ProjectConfigurationPlatforms) = postSolution
		{EF961BCF-883F-4545-AD4B-70AFCD65D59D}.Debug|Any CPU.ActiveCfg = Debug|Any CPU
		{EF961BCF-883F-4545-AD4B-70AFCD65D59D}.Debug|Any CPU.Build.0 = Debug|Any CPU
		{EF961BCF-883F-4545-AD4B-70AFCD65D59D}.Release|Any CPU.ActiveCfg = Release|Any CPU
		{EF961BCF-883F-4545-AD4B-70AFCD65D59D}.Release|Any CPU.Build.0 = Release|Any CPU
	EndGlobalSection
	GlobalSection(SolutionProperties) = preSolution
		HideSolutionNode = FALSE
	EndGlobalSection
	GlobalSection(ExtensibilityGlobals) = postSolution
		SolutionGuid = {B0E8D97C-0B5E-46A9-8FA4-F0D549C49E19}
	EndGlobalSection
EndGlobal
